
Microsoft Visual Studio Solution File, Format Version 12.00
# Visual Studio Version 17
VisualStudioVersion = 17.14.36408.4 d17.14
MinimumVisualStudioVersion = 10.0.40219.1
Project("{FAE04EC0-301F-11D3-BF4B-00C04F79EFBC}") = "03LabExer2", "03LabExer2\03LabExer2.csproj", "{1C596560-22AF-4D4F-B4E4-6D4ECFE06DEA}"
EndProject
Global
	GlobalSection(SolutionConfigurationPlatforms) = preSolution
		Debug|Any CPU = Debug|Any CPU
		Release|Any CPU = Release|Any CPU
	EndGlobalSection
	GlobalSection(ProjectConfigurationPlatforms) = postSolution
		{1C596560-22AF-4D4F-B4E4-6D4ECFE06DEA}.Debug|Any CPU.ActiveCfg = Debug|Any CPU
		{1C596560-22AF-4D4F-B4E4-6D4ECFE06DEA}.Debug|Any CPU.Build.0 = Debug|Any CPU
		{1C596560-22AF-4D4F-B4E4-6D4ECFE06DEA}.Release|Any CPU.ActiveCfg = Release|Any CPU
		{1C596560-22AF-4D4F-B4E4-6D4ECFE06DEA}.Release|Any CPU.Build.0 = Release|Any CPU
	EndGlobalSection
	GlobalSection(SolutionProperties) = preSolution
		HideSolutionNode = FALSE
	EndGlobalSection
	GlobalSection(ExtensibilityGlobals) = postSolution
		SolutionGuid = {597B8A59-3B5A-40AF-A124-84E1F91E0FCD}
	EndGlobalSection
EndGlobal
